
Microsoft Visual Studio Solution File, Format Version 12.00
# Visual Studio Version 16
VisualStudioVersion = 16.0.30711.63
MinimumVisualStudioVersion = 10.0.40219.1
Project("{8BC9CEB8-8B4A-11D0-8D11-00A0C91BC942}") = "Project12.2.iter", "Project12.2.iter\Project12.2.iter.vcxproj", "{561C3FFE-7EE4-44A3-80E8-F4E814E9CBA4}"
EndProject
Project("{8BC9CEB8-8B4A-11D0-8D11-00A0C91BC942}") = "UnitTest1", "UnitTest1\UnitTest1.vcxproj", "{DD21D40C-420C-4DD8-ACB0-18CAEC843799}"
EndProject
Global
	GlobalSection(SolutionConfigurationPlatforms) = preSolution
		Debug|x64 = Debug|x64
		Debug|x86 = Debug|x86
		Release|x64 = Release|x64
		Release|x86 = Release|x86
	EndGlobalSection
	GlobalSection(ProjectConfigurationPlatforms) = postSolution
		{561C3FFE-7EE4-44A3-80E8-F4E814E9CBA4}.Debug|x64.ActiveCfg = Debug|x64
		{561C3FFE-7EE4-44A3-80E8-F4E814E9CBA4}.Debug|x64.Build.0 = Debug|x64
		{561C3FFE-7EE4-44A3-80E8-F4E814E9CBA4}.Debug|x86.ActiveCfg = Debug|Win32
		{561C3FFE-7EE4-44A3-80E8-F4E814E9CBA4}.Debug|x86.Build.0 = Debug|Win32
		{561C3FFE-7EE4-44A3-80E8-F4E814E9CBA4}.Release|x64.ActiveCfg = Release|x64
		{561C3FFE-7EE4-44A3-80E8-F4E814E9CBA4}.Release|x64.Build.0 = Release|x64
		{561C3FFE-7EE4-44A3-80E8-F4E814E9CBA4}.Release|x86.ActiveCfg = Release|Win32
		{561C3FFE-7EE4-44A3-80E8-F4E814E9CBA4}.Release|x86.Build.0 = Release|Win32
		{DD21D40C-420C-4DD8-ACB0-18CAEC843799}.Debug|x64.ActiveCfg = Debug|x64
		{DD21D40C-420C-4DD8-ACB0-18CAEC843799}.Debug|x64.Build.0 = Debug|x64
		{DD21D40C-420C-4DD8-ACB0-18CAEC843799}.Debug|x86.ActiveCfg = Debug|Win32
		{DD21D40C-420C-4DD8-ACB0-18CAEC843799}.Debug|x86.Build.0 = Debug|Win32
		{DD21D40C-420C-4DD8-ACB0-18CAEC843799}.Release|x64.ActiveCfg = Release|x64
		{DD21D40C-420C-4DD8-ACB0-18CAEC843799}.Release|x64.Build.0 = Release|x64
		{DD21D40C-420C-4DD8-ACB0-18CAEC843799}.Release|x86.ActiveCfg = Release|Win32
		{DD21D40C-420C-4DD8-ACB0-18CAEC843799}.Release|x86.Build.0 = Release|Win32
	EndGlobalSection
	GlobalSection(SolutionProperties) = preSolution
		HideSolutionNode = FALSE
	EndGlobalSection
	GlobalSection(ExtensibilityGlobals) = postSolution
		SolutionGuid = {457D67EF-BF33-4E65-8883-3DCB39FF75A6}
	EndGlobalSection
EndGlobal
